// !$*UTF8*$!
{
	archiveVersion = 1;
	classes = {
	};
	objectVersion = 46;
	objects = {

/* Begin PBXBuildFile section */
		3C44C4351A78E4C000112EA6 /* AppDelegate.swift in Sources */ = {isa = PBXBuildFile; fileRef = 3C44C4341A78E4C000112EA6 /* AppDelegate.swift */; };
		3C44C4371A78E4C000112EA6 /* ViewController.swift in Sources */ = {isa = PBXBuildFile; fileRef = 3C44C4361A78E4C000112EA6 /* ViewController.swift */; };
		3C44C43A1A78E4C000112EA6 /* Main.storyboard in Resources */ = {isa = PBXBuildFile; fileRef = 3C44C4381A78E4C000112EA6 /* Main.storyboard */; };
		3C44C43C1A78E4C000112EA6 /* Images.xcassets in Resources */ = {isa = PBXBuildFile; fileRef = 3C44C43B1A78E4C000112EA6 /* Images.xcassets */; };
		3C44C43F1A78E4C000112EA6 /* LaunchScreen.xib in Resources */ = {isa = PBXBuildFile; fileRef = 3C44C43D1A78E4C000112EA6 /* LaunchScreen.xib */; };
		3C44C44B1A78E4C000112EA6 /* scanForTwo_dimensionCodeTests.swift in Sources */ = {isa = PBXBuildFile; fileRef = 3C44C44A1A78E4C000112EA6 /* scanForTwo_dimensionCodeTests.swift */; };
		3C44C4551A78FFDA00112EA6 /* AVFoundation.framework in Frameworks */ = {isa = PBXBuildFile; fileRef = 3C44C4541A78FFDA00112EA6 /* AVFoundation.framework */; };
/* End PBXBuildFile section */

/* Begin PBXContainerItemProxy section */
		3C44C4451A78E4C000112EA6 /* PBXContainerItemProxy */ = {
			isa = PBXContainerItemProxy;
			containerPortal = 3C44C4271A78E4C000112EA6 /* Project object */;
			proxyType = 1;
			remoteGlobalIDString = 3C44C42E1A78E4C000112EA6;
			remoteInfo = "scanForTwo-dimensionCode";
		};
/* End PBXContainerItemProxy section */

/* Begin PBXFileReference section */
		3C44C42F1A78E4C000112EA6 /* scanForTwo-dimensionCode.app */ = {isa = PBXFileReference; explicitFileType = wrapper.application; includeInIndex = 0; path = "scanForTwo-dimensionCode.app"; sourceTree = BUILT_PRODUCTS_DIR; };
		3C44C4331A78E4C000112EA6 /* Info.plist */ = {isa = PBXFileReference; lastKnownFileType = text.plist.xml; path = Info.plist; sourceTree = "<group>"; };
		3C44C4341A78E4C000112EA6 /* AppDelegate.swift */ = {isa = PBXFileReference; lastKnownFileType = sourcecode.swift; path = AppDelegate.swift; sourceTree = "<group>"; };
		3C44C4361A78E4C000112EA6 /* ViewController.swift */ = {isa = PBXFileReference; lastKnownFileType = sourcecode.swift; path = ViewController.swift; sourceTree = "<group>"; };
		3C44C4391A78E4C000112EA6 /* Base */ = {isa = PBXFileReference; lastKnownFileType = file.storyboard; name = Base; path = Base.lproj/Main.storyboard; sourceTree = "<group>"; };
		3C44C43B1A78E4C000112EA6 /* Images.xcassets */ = {isa = PBXFileReference; lastKnownFileType = folder.assetcatalog; path = Images.xcassets; sourceTree = "<group>"; };
		3C44C43E1A78E4C000112EA6 /* Base */ = {isa = PBXFileReference; lastKnownFileType = file.xib; name = Base; path = Base.lproj/LaunchScreen.xib; sourceTree = "<group>"; };
		3C44C4441A78E4C000112EA6 /* scanForTwo-dimensionCodeTests.xctest */ = {isa = PBXFileReference; explicitFileType = wrapper.cfbundle; includeInIndex = 0; path = "scanForTwo-dimensionCodeTests.xctest"; sourceTree = BUILT_PRODUCTS_DIR; };
		3C44C4491A78E4C000112EA6 /* Info.plist */ = {isa = PBXFileReference; lastKnownFileType = text.plist.xml; path = Info.plist; sourceTree = "<group>"; };
		3C44C44A1A78E4C000112EA6 /* scanForTwo_dimensionCodeTests.swift */ = {isa = PBXFileReference; lastKnownFileType = sourcecode.swift; path = scanForTwo_dimensionCodeTests.swift; sourceTree = "<group>"; };
		3C44C4541A78FFDA00112EA6 /* AVFoundation.framework */ = {isa = PBXFileReference; lastKnownFileType = wrapper.framework; name = AVFoundation.framework; path = System/Library/Frameworks/AVFoundation.framework; sourceTree = SDKROOT; };
/* End PBXFileReference section */

/* Begin PBXFrameworksBuildPhase section */
		3C44C42C1A78E4C000112EA6 /* Frameworks */ = {
			isa = PBXFrameworksBuildPhase;
			buildActionMask = 2147483647;
			files = (
				3C44C4551A78FFDA00112EA6 /* AVFoundation.framework in Frameworks */,
			);
			runOnlyForDeploymentPostprocessing = 0;
		};
		3C44C4411A78E4C000112EA6 /* Frameworks */ = {
			isa = PBXFrameworksBuildPhase;
			buildActionMask = 2147483647;
			files = (
			);
			runOnlyForDeploymentPostprocessing = 0;
		};
/* End PBXFrameworksBuildPhase section */

/* Begin PBXGroup section */
		3C44C4261A78E4C000112EA6 = {
			isa = PBXGroup;
			children = (
				3C44C4541A78FFDA00112EA6 /* AVFoundation.framework */,
				3C44C4311A78E4C000112EA6 /* scanForTwo-dimensionCode */,
				3C44C4471A78E4C000112EA6 /* scanForTwo-dimensionCodeTests */,
				3C44C4301A78E4C000112EA6 /* Products */,
			);
			sourceTree = "<group>";
		};
		3C44C4301A78E4C000112EA6 /* Products */ = {
			isa = PBXGroup;
			children = (
				3C44C42F1A78E4C000112EA6 /* scanForTwo-dimensionCode.app */,
				3C44C4441A78E4C000112EA6 /* scanForTwo-dimensionCodeTests.xctest */,
			);
			name = Products;
			sourceTree = "<group>";
		};
		3C44C4311A78E4C000112EA6 /* scanForTwo-dimensionCode */ = {
			isa = PBXGroup;
			children = (
				3C44C4341A78E4C000112EA6 /* AppDelegate.swift */,
				3C44C4361A78E4C000112EA6 /* ViewController.swift */,
				3C44C4381A78E4C000112EA6 /* Main.storyboard */,
				3C44C43B1A78E4C000112EA6 /* Images.xcassets */,
				3C44C43D1A78E4C000112EA6 /* LaunchScreen.xib */,
				3C44C4321A78E4C000112EA6 /* Supporting Files */,
			);
			path = "scanForTwo-dimensionCode";
			sourceTree = "<group>";
		};
		3C44C4321A78E4C000112EA6 /* Supporting Files */ = {
			isa = PBXGroup;
			children = (
				3C44C4331A78E4C000112EA6 /* Info.plist */,
			);
			name = "Supporting Files";
			sourceTree = "<group>";
		};
		3C44C4471A78E4C000112EA6 /* scanForTwo-dimensionCodeTests */ = {
			isa = PBXGroup;
			children = (
				3C44C44A1A78E4C000112EA6 /* scanForTwo_dimensionCodeTests.swift */,
				3C44C4481A78E4C000112EA6 /* Supporting Files */,
			);
			path = "scanForTwo-dimensionCodeTests";
			sourceTree = "<group>";
		};
		3C44C4481A78E4C000112EA6 /* Supporting Files */ = {
			isa = PBXGroup;
			children = (
				3C44C4491A78E4C000112EA6 /* Info.plist */,
			);
			name = "Supporting Files";
			sourceTree = "<group>";
		};
/* End PBXGroup section */

/* Begin PBXNativeTarget section */
		3C44C42E1A78E4C000112EA6 /* scanForTwo-dimensionCode */ = {
			isa = PBXNativeTarget;
			buildConfigurationList = 3C44C44E1A78E4C000112EA6 /* Build configuration list for PBXNativeTarget "scanForTwo-dimensionCode" */;
			buildPhases = (
				3C44C42B1A78E4C000112EA6 /* Sources */,
				3C44C42C1A78E4C000112EA6 /* Frameworks */,
				3C44C42D1A78E4C000112EA6 /* Resources */,
			);
			buildRules = (
			);
			dependencies = (
			);
			name = "scanForTwo-dimensionCode";
			productName = "scanForTwo-dimensionCode";
			productReference = 3C44C42F1A78E4C000112EA6 /* scanForTwo-dimensionCode.app */;
			productType = "com.apple.product-type.application";
		};
		3C44C4431A78E4C000112EA6 /* scanForTwo-dimensionCodeTests */ = {
			isa = PBXNativeTarget;
			buildConfigurationList = 3C44C4511A78E4C000112EA6 /* Build configuration list for PBXNativeTarget "scanForTwo-dimensionCodeTests" */;
			buildPhases = (
				3C44C4401A78E4C000112EA6 /* Sources */,
				3C44C4411A78E4C000112EA6 /* Frameworks */,
				3C44C4421A78E4C000112EA6 /* Resources */,
			);
			buildRules = (
			);
			dependencies = (
				3C44C4461A78E4C000112EA6 /* PBXTargetDependency */,
			);
			name = "scanForTwo-dimensionCodeTests";
			productName = "scanForTwo-dimensionCodeTests";
			productReference = 3C44C4441A78E4C000112EA6 /* scanForTwo-dimensionCodeTests.xctest */;
			productType = "com.apple.product-type.bundle.unit-test";
		};
/* End PBXNativeTarget section */

/* Begin PBXProject section */
		3C44C4271A78E4C000112EA6 /* Project object */ = {
			isa = PBXProject;
			attributes = {
				LastUpgradeCheck = 0610;
				ORGANIZATIONNAME = jinhua;
				TargetAttributes = {
					3C44C42E1A78E4C000112EA6 = {
						CreatedOnToolsVersion = 6.1.1;
					};
					3C44C4431A78E4C000112EA6 = {
						CreatedOnToolsVersion = 6.1.1;
						TestTargetID = 3C44C42E1A78E4C000112EA6;
					};
				};
			};
			buildConfigurationList = 3C44C42A1A78E4C000112EA6 /* Build configuration list for PBXProject "scanForTwo-dimensionCode" */;
			compatibilityVersion = "Xcode 3.2";
			developmentRegion = English;
			hasScannedForEncodings = 0;
			knownRegions = (
				en,
				Base,
			);
			mainGroup = 3C44C4261A78E4C000112EA6;
			productRefGroup = 3C44C4301A78E4C000112EA6 /* Products */;
			projectDirPath = "";
			projectRoot = "";
			targets = (
				3C44C42E1A78E4C000112EA6 /* scanForTwo-dimensionCode */,
				3C44C4431A78E4C000112EA6 /* scanForTwo-dimensionCodeTests */,
			);
		};
/* End PBXProject section */

/* Begin PBXResourcesBuildPhase section */
		3C44C42D1A78E4C000112EA6 /* Resources */ = {
			isa = PBXResourcesBuildPhase;
			buildActionMask = 2147483647;
			files = (
				3C44C43A1A78E4C000112EA6 /* Main.storyboard in Resources */,
				3C44C43F1A78E4C000112EA6 /* LaunchScreen.xib in Resources */,
				3C44C43C1A78E4C000112EA6 /* Images.xcassets in Resources */,
			);
			runOnlyForDeploymentPostprocessing = 0;
		};
		3C44C4421A78E4C000112EA6 /* Resources */ = {
			isa = PBXResourcesBuildPhase;
			buildActionMask = 2147483647;
			files = (
			);
			runOnlyForDeploymentPostprocessing = 0;
		};
/* End PBXResourcesBuildPhase section */

/* Begin PBXSourcesBuildPhase section */
		3C44C42B1A78E4C000112EA6 /* Sources */ = {
			isa = PBXSourcesBuildPhase;
			buildActionMask = 2147483647;
			files = (
				3C44C4371A78E4C000112EA6 /* ViewController.swift in Sources */,
				3C44C4351A78E4C000112EA6 /* AppDelegate.swift in Sources */,
			);
			runOnlyForDeploymentPostprocessing = 0;
		};
		3C44C4401A78E4C000112EA6 /* Sources */ = {
			isa = PBXSourcesBuildPhase;
			buildActionMask = 2147483647;
			files = (
				3C44C44B1A78E4C000112EA6 /* scanForTwo_dimensionCodeTests.swift in Sources */,
			);
			runOnlyForDeploymentPostprocessing = 0;
		};
/* End PBXSourcesBuildPhase section */

/* Begin PBXTargetDependency section */
		3C44C4461A78E4C000112EA6 /* PBXTargetDependency */ = {
			isa = PBXTargetDependency;
			target = 3C44C42E1A78E4C000112EA6 /* scanForTwo-dimensionCode */;
			targetProxy = 3C44C4451A78E4C000112EA6 /* PBXContainerItemProxy */;
		};
/* End PBXTargetDependency section */

/* Begin PBXVariantGroup section */
		3C44C4381A78E4C000112EA6 /* Main.storyboard */ = {
			isa = PBXVariantGroup;
			children = (
				3C44C4391A78E4C000112EA6 /* Base */,
			);
			name = Main.storyboard;
			sourceTree = "<group>";
		};
		3C44C43D1A78E4C000112EA6 /* LaunchScreen.xib */ = {
			isa = PBXVariantGroup;
			children = (
				3C44C43E1A78E4C000112EA6 /* Base */,
			);
			name = LaunchScreen.xib;
			sourceTree = "<group>";
		};
/* End PBXVariantGroup section */

/* Begin XCBuildConfiguration section */
		3C44C44C1A78E4C000112EA6 /* Debug */ = {
			isa = XCBuildConfiguration;
			buildSettings = {
				ALWAYS_SEARCH_USER_PATHS = NO;
				CLANG_CXX_LANGUAGE_STANDARD = "gnu++0x";
				CLANG_CXX_LIBRARY = "libc++";
				CLANG_ENABLE_MODULES = YES;
				CLANG_ENABLE_OBJC_ARC = YES;
				CLANG_WARN_BOOL_CONVERSION = YES;
				CLANG_WARN_CONSTANT_CONVERSION = YES;
				CLANG_WARN_DIRECT_OBJC_ISA_USAGE = YES_ERROR;
				CLANG_WARN_EMPTY_BODY = YES;
				CLANG_WARN_ENUM_CONVERSION = YES;
				CLANG_WARN_INT_CONVERSION = YES;
				CLANG_WARN_OBJC_ROOT_CLASS = YES_ERROR;
				CLANG_WARN_UNREACHABLE_CODE = YES;
				CLANG_WARN__DUPLICATE_METHOD_MATCH = YES;
				"CODE_SIGN_IDENTITY[sdk=iphoneos*]" = "iPhone Developer";
				COPY_PHASE_STRIP = NO;
				ENABLE_STRICT_OBJC_MSGSEND = YES;
				GCC_C_LANGUAGE_STANDARD = gnu99;
				GCC_DYNAMIC_NO_PIC = NO;
				GCC_OPTIMIZATION_LEVEL = 0;
				GCC_PREPROCESSOR_DEFINITIONS = (
					"DEBUG=1",
					"$(inherited)",
				);
				GCC_SYMBOLS_PRIVATE_EXTERN = NO;
				GCC_WARN_64_TO_32_BIT_CONVERSION = YES;
				GCC_WARN_ABOUT_RETURN_TYPE = YES_ERROR;
				GCC_WARN_UNDECLARED_SELECTOR = YES;
				GCC_WARN_UNINITIALIZED_AUTOS = YES_AGGRESSIVE;
				GCC_WARN_UNUSED_FUNCTION = YES;
				GCC_WARN_UNUSED_VARIABLE = YES;
				IPHONEOS_DEPLOYMENT_TARGET = 8.1;
				MTL_ENABLE_DEBUG_INFO = YES;
				ONLY_ACTIVE_ARCH = YES;
				SDKROOT = iphoneos;
				SWIFT_OPTIMIZATION_LEVEL = "-Onone";
				TARGETED_DEVICE_FAMILY = "1,2";
			};
			name = Debug;
		};
		3C44C44D1A78E4C000112EA6 /* Release */ = {
			isa = XCBuildConfiguration;
			buildSettings = {
				ALWAYS_SEARCH_USER_PATHS = NO;
				CLANG_CXX_LANGUAGE_STANDARD = "gnu++0x";
				CLANG_CXX_LIBRARY = "libc++";
				CLANG_ENABLE_MODULES = YES;
				CLANG_ENABLE_OBJC_ARC = YES;
				CLANG_WARN_BOOL_CONVERSION = YES;
				CLANG_WARN_CONSTANT_CONVERSION = YES;
				CLANG_WARN_DIRECT_OBJC_ISA_USAGE = YES_ERROR;
				CLANG_WARN_EMPTY_BODY = YES;
				CLANG_WARN_ENUM_CONVERSION = YES;
				CLANG_WARN_INT_CONVERSION = YES;
				CLANG_WARN_OBJC_ROOT_CLASS = YES_ERROR;
				CLANG_WARN_UNREACHABLE_CODE = YES;
				CLANG_WARN__DUPLICATE_METHOD_MATCH = YES;
				"CODE_SIGN_IDENTITY[sdk=iphoneos*]" = "iPhone Developer";
				COPY_PHASE_STRIP = YES;
				ENABLE_NS_ASSERTIONS = NO;
				ENABLE_STRICT_OBJC_MSGSEND = YES;
				GCC_C_LANGUAGE_STANDARD = gnu99;
				GCC_WARN_64_TO_32_BIT_CONVERSION = YES;
				GCC_WARN_ABOUT_RETURN_TYPE = YES_ERROR;
				GCC_WARN_UNDECLARED_SELECTOR = YES;
				GCC_WARN_UNINITIALIZED_AUTOS = YES_AGGRESSIVE;
				GCC_WARN_UNUSED_FUNCTION = YES;
				GCC_WARN_UNUSED_VARIABLE = YES;
				IPHONEOS_DEPLOYMENT_TARGET = 8.1;
				MTL_ENABLE_DEBUG_INFO = NO;
				SDKROOT = iphoneos;
				TARGETED_DEVICE_FAMILY = "1,2";
				VALIDATE_PRODUCT = YES;
			};
			name = Release;
		};
		3C44C44F1A78E4C000112EA6 /* Debug */ = {
			isa = XCBuildConfiguration;
			buildSettings = {
				ASSETCATALOG_COMPILER_APPICON_NAME = AppIcon;
				INFOPLIST_FILE = "scanForTwo-dimensionCode/Info.plist";
				LD_RUNPATH_SEARCH_PATHS = "$(inherited) @executable_path/Frameworks";
				PRODUCT_NAME = "$(TARGET_NAME)";
			};
			name = Debug;
		};
		3C44C4501A78E4C000112EA6 /* Release */ = {
			isa = XCBuildConfiguration;
			buildSettings = {
				ASSETCATALOG_COMPILER_APPICON_NAME = AppIcon;
				INFOPLIST_FILE = "scanForTwo-dimensionCode/Info.plist";
				LD_RUNPATH_SEARCH_PATHS = "$(inherited) @executable_path/Frameworks";
				PRODUCT_NAME = "$(TARGET_NAME)";
			};
			name = Release;
		};
		3C44C4521A78E4C000112EA6 /* Debug */ = {
			isa = XCBuildConfiguration;
			buildSettings = {
				BUNDLE_LOADER = "$(TEST_HOST)";
				FRAMEWORK_SEARCH_PATHS = (
					"$(SDKROOT)/Developer/Library/Frameworks",
					"$(inherited)",
				);
				GCC_PREPROCESSOR_DEFINITIONS = (
					"DEBUG=1",
					"$(inherited)",
				);
				INFOPLIST_FILE = "scanForTwo-dimensionCodeTests/Info.plist";
				LD_RUNPATH_SEARCH_PATHS = "$(inherited) @executable_path/Frameworks @loader_path/Frameworks";
				PRODUCT_NAME = "$(TARGET_NAME)";
				TEST_HOST = "$(BUILT_PRODUCTS_DIR)/scanForTwo-dimensionCode.app/scanForTwo-dimensionCode";
			};
			name = Debug;
		};
		3C44C4531A78E4C000112EA6 /* Release */ = {
			isa = XCBuildConfiguration;
			buildSettings = {
				BUNDLE_LOADER = "$(TEST_HOST)";
				FRAMEWORK_SEARCH_PATHS = (
					"$(SDKROOT)/Developer/Library/Frameworks",
					"$(inherited)",
				);
				INFOPLIST_FILE = "scanForTwo-dimensionCodeTests/Info.plist";
				LD_RUNPATH_SEARCH_PATHS = "$(inherited) @executable_path/Frameworks @loader_path/Frameworks";
				PRODUCT_NAME = "$(TARGET_NAME)";
				TEST_HOST = "$(BUILT_PRODUCTS_DIR)/scanForTwo-dimensionCode.app/scanForTwo-dimensionCode";
			};
			name = Release;
		};
/* End XCBuildConfiguration section */

/* Begin XCConfigurationList section */
		3C44C42A1A78E4C000112EA6 /* Build configuration list for PBXProject "scanForTwo-dimensionCode" */ = {
			isa = XCConfigurationList;
			buildConfigurations = (
				3C44C44C1A78E4C000112EA6 /* Debug */,
				3C44C44D1A78E4C000112EA6 /* Release */,
			);
			defaultConfigurationIsVisible = 0;
			defaultConfigurationName = Release;
		};
		3C44C44E1A78E4C000112EA6 /* Build configuration list for PBXNativeTarget "scanForTwo-dimensionCode" */ = {
			isa = XCConfigurationList;
			buildConfigurations = (
				3C44C44F1A78E4C000112EA6 /* Debug */,
				3C44C4501A78E4C000112EA6 /* Release */,
			);
			defaultConfigurationIsVisible = 0;
		};
		3C44C4511A78E4C000112EA6 /* Build configuration list for PBXNativeTarget "scanForTwo-dimensionCodeTests" */ = {
			isa = XCConfigurationList;
			buildConfigurations = (
				3C44C4521A78E4C000112EA6 /* Debug */,
				3C44C4531A78E4C000112EA6 /* Release */,
			);
			defaultConfigurationIsVisible = 0;
		};
/* End XCConfigurationList section */
	};
	rootObject = 3C44C4271A78E4C000112EA6 /* Project object */;
}
